
Microsoft Visual Studio Solution File, Format Version 12.00
# Visual Studio Version 17
VisualStudioVersion = 17.14.36408.4
MinimumVisualStudioVersion = 10.0.40219.1
Project("{FAE04EC0-301F-11D3-BF4B-00C04F79EFBC}") = "LearningDatabase", "LearningDatabase\LearningDatabase.csproj", "{A5DC0B7E-51E3-4988-88A9-E4C85062CDB6}"
EndProject
Project("{FAE04EC0-301F-11D3-BF4B-00C04F79EFBC}") = "LearningDatabase.UnitTests", "LearningDatabase.UnitTests\LearningDatabase.UnitTests.csproj", "{1903AB2A-8415-447E-A5A4-BC3BCC537954}"
EndProject
Project("{FAE04EC0-301F-11D3-BF4B-00C04F79EFBC}") = "LearningDatabase.UI", "LearningDatabase.UI\LearningDatabase.UI.csproj", "{4DFEAA88-CD68-4870-84AA-D4A48F49E9DC}"
EndProject
Global
	GlobalSection(SolutionConfigurationPlatforms) = preSolution
		Debug|Any CPU = Debug|Any CPU
		Release|Any CPU = Release|Any CPU
	EndGlobalSection
	GlobalSection(ProjectConfigurationPlatforms) = postSolution
		{A5DC0B7E-51E3-4988-88A9-E4C85062CDB6}.Debug|Any CPU.ActiveCfg = Debug|Any CPU
		{A5DC0B7E-51E3-4988-88A9-E4C85062CDB6}.Debug|Any CPU.Build.0 = Debug|Any CPU
		{A5DC0B7E-51E3-4988-88A9-E4C85062CDB6}.Release|Any CPU.ActiveCfg = Release|Any CPU
		{A5DC0B7E-51E3-4988-88A9-E4C85062CDB6}.Release|Any CPU.Build.0 = Release|Any CPU
		{1903AB2A-8415-447E-A5A4-BC3BCC537954}.Debug|Any CPU.ActiveCfg = Debug|Any CPU
		{1903AB2A-8415-447E-A5A4-BC3BCC537954}.Debug|Any CPU.Build.0 = Debug|Any CPU
		{1903AB2A-8415-447E-A5A4-BC3BCC537954}.Release|Any CPU.ActiveCfg = Release|Any CPU
		{1903AB2A-8415-447E-A5A4-BC3BCC537954}.Release|Any CPU.Build.0 = Release|Any CPU
		{4DFEAA88-CD68-4870-84AA-D4A48F49E9DC}.Debug|Any CPU.ActiveCfg = Debug|Any CPU
		{4DFEAA88-CD68-4870-84AA-D4A48F49E9DC}.Debug|Any CPU.Build.0 = Debug|Any CPU
		{4DFEAA88-CD68-4870-84AA-D4A48F49E9DC}.Release|Any CPU.ActiveCfg = Release|Any CPU
		{4DFEAA88-CD68-4870-84AA-D4A48F49E9DC}.Release|Any CPU.Build.0 = Release|Any CPU
	EndGlobalSection
	GlobalSection(SolutionProperties) = preSolution
		HideSolutionNode = FALSE
	EndGlobalSection
	GlobalSection(ExtensibilityGlobals) = postSolution
		SolutionGuid = {207E6487-7391-45ED-9A5D-57B141C9E6A9}
	EndGlobalSection
EndGlobal
